
Microsoft Visual Studio Solution File, Format Version 12.00
# Visual Studio 15
VisualStudioVersion = 15.0.26730.16
MinimumVisualStudioVersion = 10.0.40219.1
Project("{FAE04EC0-301F-11D3-BF4B-00C04F79EFBC}") = "ApiSamples", "ApiSamples.csproj", "{CA60F18A-7251-46BF-88B8-CFAF3C2DEDB5}"
EndProject
Global
	GlobalSection(SolutionConfigurationPlatforms) = preSolution
		Debug|Any CPU = Debug|Any CPU
		Release|Any CPU = Release|Any CPU
	EndGlobalSection
	GlobalSection(ProjectConfigurationPlatforms) = postSolution
		{CA60F18A-7251-46BF-88B8-CFAF3C2DEDB5}.Debug|Any CPU.ActiveCfg = Debug|Any CPU
		{CA60F18A-7251-46BF-88B8-CFAF3C2DEDB5}.Debug|Any CPU.Build.0 = Debug|Any CPU
		{CA60F18A-7251-46BF-88B8-CFAF3C2DEDB5}.Release|Any CPU.ActiveCfg = Release|Any CPU
		{CA60F18A-7251-46BF-88B8-CFAF3C2DEDB5}.Release|Any CPU.Build.0 = Release|Any CPU
	EndGlobalSection
	GlobalSection(SolutionProperties) = preSolution
		HideSolutionNode = FALSE
	EndGlobalSection
	GlobalSection(ExtensibilityGlobals) = postSolution
		SolutionGuid = {A8B1EECC-175D-4FA3-A33B-8ED5D77DFD62}
	EndGlobalSection
EndGlobal
